
Microsoft Visual Studio Solution File, Format Version 12.00
# Visual Studio Version 16
VisualStudioVersion = 16.0.30503.244
MinimumVisualStudioVersion = 10.0.40219.1
Project("{FAE04EC0-301F-11D3-BF4B-00C04F79EFBC}") = "tarea2", "tarea2.csproj", "{7FCD1DB8-D51B-453A-A9A4-930DFE984787}"
EndProject
Global
	GlobalSection(SolutionConfigurationPlatforms) = preSolution
		Debug|Any CPU = Debug|Any CPU
		Release|Any CPU = Release|Any CPU
	EndGlobalSection
	GlobalSection(ProjectConfigurationPlatforms) = postSolution
		{7FCD1DB8-D51B-453A-A9A4-930DFE984787}.Debug|Any CPU.ActiveCfg = Debug|Any CPU
		{7FCD1DB8-D51B-453A-A9A4-930DFE984787}.Debug|Any CPU.Build.0 = Debug|Any CPU
		{7FCD1DB8-D51B-453A-A9A4-930DFE984787}.Release|Any CPU.ActiveCfg = Release|Any CPU
		{7FCD1DB8-D51B-453A-A9A4-930DFE984787}.Release|Any CPU.Build.0 = Release|Any CPU
	EndGlobalSection
	GlobalSection(SolutionProperties) = preSolution
		HideSolutionNode = FALSE
	EndGlobalSection
	GlobalSection(ExtensibilityGlobals) = postSolution
		SolutionGuid = {D4A66A2D-C7D0-4C35-9F50-C38A4197728A}
	EndGlobalSection
EndGlobal
